// !$*UTF8*$!
{
	archiveVersion = 1;
	classes = {
	};
	objectVersion = 46;
	objects = {

/* Begin PBXBuildFile section */
		B9C67BB21C84456700486374 /* main.m in Sources */ = {isa = PBXBuildFile; fileRef = B9C67BB11C84456700486374 /* main.m */; };
		B9C67BB51C84456700486374 /* AppDelegate.m in Sources */ = {isa = PBXBuildFile; fileRef = B9C67BB41C84456700486374 /* AppDelegate.m */; };
		B9C67BB81C84456700486374 /* ViewController.m in Sources */ = {isa = PBXBuildFile; fileRef = B9C67BB71C84456700486374 /* ViewController.m */; };
		B9C67BBB1C84456700486374 /* Main.storyboard in Resources */ = {isa = PBXBuildFile; fileRef = B9C67BB91C84456700486374 /* Main.storyboard */; };
		B9C67BBD1C84456700486374 /* Assets.xcassets in Resources */ = {isa = PBXBuildFile; fileRef = B9C67BBC1C84456700486374 /* Assets.xcassets */; };
		B9C67BC01C84456700486374 /* LaunchScreen.storyboard in Resources */ = {isa = PBXBuildFile; fileRef = B9C67BBE1C84456700486374 /* LaunchScreen.storyboard */; };
		B9C67BCA1C8445CF00486374 /* LNWebViewController.m in Sources */ = {isa = PBXBuildFile; fileRef = B9C67BC91C8445CF00486374 /* LNWebViewController.m */; };
/* End PBXBuildFile section */

/* Begin PBXFileReference section */
		B9C67BAD1C84456700486374 /* LNWebViewControllerDemo.app */ = {isa = PBXFileReference; explicitFileType = wrapper.application; includeInIndex = 0; path = LNWebViewControllerDemo.app; sourceTree = BUILT_PRODUCTS_DIR; };
		B9C67BB11C84456700486374 /* main.m */ = {isa = PBXFileReference; lastKnownFileType = sourcecode.c.objc; path = main.m; sourceTree = "<group>"; };
		B9C67BB31C84456700486374 /* AppDelegate.h */ = {isa = PBXFileReference; lastKnownFileType = sourcecode.c.h; path = AppDelegate.h; sourceTree = "<group>"; };
		B9C67BB41C84456700486374 /* AppDelegate.m */ = {isa = PBXFileReference; lastKnownFileType = sourcecode.c.objc; path = AppDelegate.m; sourceTree = "<group>"; };
		B9C67BB61C84456700486374 /* ViewController.h */ = {isa = PBXFileReference; lastKnownFileType = sourcecode.c.h; path = ViewController.h; sourceTree = "<group>"; };
		B9C67BB71C84456700486374 /* ViewController.m */ = {isa = PBXFileReference; lastKnownFileType = sourcecode.c.objc; path = ViewController.m; sourceTree = "<group>"; };
		B9C67BBA1C84456700486374 /* Base */ = {isa = PBXFileReference; lastKnownFileType = file.storyboard; name = Base; path = Base.lproj/Main.storyboard; sourceTree = "<group>"; };
		B9C67BBC1C84456700486374 /* Assets.xcassets */ = {isa = PBXFileReference; lastKnownFileType = folder.assetcatalog; path = Assets.xcassets; sourceTree = "<group>"; };
		B9C67BBF1C84456700486374 /* Base */ = {isa = PBXFileReference; lastKnownFileType = file.storyboard; name = Base; path = Base.lproj/LaunchScreen.storyboard; sourceTree = "<group>"; };
		B9C67BC11C84456700486374 /* Info.plist */ = {isa = PBXFileReference; lastKnownFileType = text.plist.xml; path = Info.plist; sourceTree = "<group>"; };
		B9C67BC81C8445CF00486374 /* LNWebViewController.h */ = {isa = PBXFileReference; fileEncoding = 4; lastKnownFileType = sourcecode.c.h; path = LNWebViewController.h; sourceTree = "<group>"; };
		B9C67BC91C8445CF00486374 /* LNWebViewController.m */ = {isa = PBXFileReference; fileEncoding = 4; lastKnownFileType = sourcecode.c.objc; path = LNWebViewController.m; sourceTree = "<group>"; };
/* End PBXFileReference section */

/* Begin PBXFrameworksBuildPhase section */
		B9C67BAA1C84456700486374 /* Frameworks */ = {
			isa = PBXFrameworksBuildPhase;
			buildActionMask = 2147483647;
			files = (
			);
			runOnlyForDeploymentPostprocessing = 0;
		};
/* End PBXFrameworksBuildPhase section */

/* Begin PBXGroup section */
		B9C67BA41C84456700486374 = {
			isa = PBXGroup;
			children = (
				B9C67BAF1C84456700486374 /* LNWebViewControllerDemo */,
				B9C67BAE1C84456700486374 /* Products */,
			);
			sourceTree = "<group>";
		};
		B9C67BAE1C84456700486374 /* Products */ = {
			isa = PBXGroup;
			children = (
				B9C67BAD1C84456700486374 /* LNWebViewControllerDemo.app */,
			);
			name = Products;
			sourceTree = "<group>";
		};
		B9C67BAF1C84456700486374 /* LNWebViewControllerDemo */ = {
			isa = PBXGroup;
			children = (
				B9C67BC71C84458B00486374 /* LNWebViewController */,
				B9C67BB31C84456700486374 /* AppDelegate.h */,
				B9C67BB41C84456700486374 /* AppDelegate.m */,
				B9C67BB61C84456700486374 /* ViewController.h */,
				B9C67BB71C84456700486374 /* ViewController.m */,
				B9C67BB91C84456700486374 /* Main.storyboard */,
				B9C67BBC1C84456700486374 /* Assets.xcassets */,
				B9C67BBE1C84456700486374 /* LaunchScreen.storyboard */,
				B9C67BC11C84456700486374 /* Info.plist */,
				B9C67BB01C84456700486374 /* Supporting Files */,
			);
			path = LNWebViewControllerDemo;
			sourceTree = "<group>";
		};
		B9C67BB01C84456700486374 /* Supporting Files */ = {
			isa = PBXGroup;
			children = (
				B9C67BB11C84456700486374 /* main.m */,
			);
			name = "Supporting Files";
			sourceTree = "<group>";
		};
		B9C67BC71C84458B00486374 /* LNWebViewController */ = {
			isa = PBXGroup;
			children = (
				B9C67BC81C8445CF00486374 /* LNWebViewController.h */,
				B9C67BC91C8445CF00486374 /* LNWebViewController.m */,
			);
			path = LNWebViewController;
			sourceTree = "<group>";
		};
/* End PBXGroup section */

/* Begin PBXNativeTarget section */
		B9C67BAC1C84456700486374 /* LNWebViewControllerDemo */ = {
			isa = PBXNativeTarget;
			buildConfigurationList = B9C67BC41C84456700486374 /* Build configuration list for PBXNativeTarget "LNWebViewControllerDemo" */;
			buildPhases = (
				B9C67BA91C84456700486374 /* Sources */,
				B9C67BAA1C84456700486374 /* Frameworks */,
				B9C67BAB1C84456700486374 /* Resources */,
			);
			buildRules = (
			);
			dependencies = (
			);
			name = LNWebViewControllerDemo;
			productName = LNWebViewControllerDemo;
			productReference = B9C67BAD1C84456700486374 /* LNWebViewControllerDemo.app */;
			productType = "com.apple.product-type.application";
		};
/* End PBXNativeTarget section */

/* Begin PBXProject section */
		B9C67BA51C84456700486374 /* Project object */ = {
			isa = PBXProject;
			attributes = {
				LastUpgradeCheck = 0720;
				ORGANIZATIONNAME = lining;
				TargetAttributes = {
					B9C67BAC1C84456700486374 = {
						CreatedOnToolsVersion = 7.2;
					};
				};
			};
			buildConfigurationList = B9C67BA81C84456700486374 /* Build configuration list for PBXProject "LNWebViewControllerDemo" */;
			compatibilityVersion = "Xcode 3.2";
			developmentRegion = English;
			hasScannedForEncodings = 0;
			knownRegions = (
				en,
				Base,
			);
			mainGroup = B9C67BA41C84456700486374;
			productRefGroup = B9C67BAE1C84456700486374 /* Products */;
			projectDirPath = "";
			projectRoot = "";
			targets = (
				B9C67BAC1C84456700486374 /* LNWebViewControllerDemo */,
			);
		};
/* End PBXProject section */

/* Begin PBXResourcesBuildPhase section */
		B9C67BAB1C84456700486374 /* Resources */ = {
			isa = PBXResourcesBuildPhase;
			buildActionMask = 2147483647;
			files = (
				B9C67BC01C84456700486374 /* LaunchScreen.storyboard in Resources */,
				B9C67BBD1C84456700486374 /* Assets.xcassets in Resources */,
				B9C67BBB1C84456700486374 /* Main.storyboard in Resources */,
			);
			runOnlyForDeploymentPostprocessing = 0;
		};
/* End PBXResourcesBuildPhase section */

/* Begin PBXSourcesBuildPhase section */
		B9C67BA91C84456700486374 /* Sources */ = {
			isa = PBXSourcesBuildPhase;
			buildActionMask = 2147483647;
			files = (
				B9C67BB81C84456700486374 /* ViewController.m in Sources */,
				B9C67BB51C84456700486374 /* AppDelegate.m in Sources */,
				B9C67BB21C84456700486374 /* main.m in Sources */,
				B9C67BCA1C8445CF00486374 /* LNWebViewController.m in Sources */,
			);
			runOnlyForDeploymentPostprocessing = 0;
		};
/* End PBXSourcesBuildPhase section */

/* Begin PBXVariantGroup section */
		B9C67BB91C84456700486374 /* Main.storyboard */ = {
			isa = PBXVariantGroup;
			children = (
				B9C67BBA1C84456700486374 /* Base */,
			);
			name = Main.storyboard;
			sourceTree = "<group>";
		};
		B9C67BBE1C84456700486374 /* LaunchScreen.storyboard */ = {
			isa = PBXVariantGroup;
			children = (
				B9C67BBF1C84456700486374 /* Base */,
			);
			name = LaunchScreen.storyboard;
			sourceTree = "<group>";
		};
/* End PBXVariantGroup section */

/* Begin XCBuildConfiguration section */
		B9C67BC21C84456700486374 /* Debug */ = {
			isa = XCBuildConfiguration;
			buildSettings = {
				ALWAYS_SEARCH_USER_PATHS = NO;
				CLANG_CXX_LANGUAGE_STANDARD = "gnu++0x";
				CLANG_CXX_LIBRARY = "libc++";
				CLANG_ENABLE_MODULES = YES;
				CLANG_ENABLE_OBJC_ARC = YES;
				CLANG_WARN_BOOL_CONVERSION = YES;
				CLANG_WARN_CONSTANT_CONVERSION = YES;
				CLANG_WARN_DIRECT_OBJC_ISA_USAGE = YES_ERROR;
				CLANG_WARN_EMPTY_BODY = YES;
				CLANG_WARN_ENUM_CONVERSION = YES;
				CLANG_WARN_INT_CONVERSION = YES;
				CLANG_WARN_OBJC_ROOT_CLASS = YES_ERROR;
				CLANG_WARN_UNREACHABLE_CODE = YES;
				CLANG_WARN__DUPLICATE_METHOD_MATCH = YES;
				"CODE_SIGN_IDENTITY[sdk=iphoneos*]" = "iPhone Developer";
				COPY_PHASE_STRIP = NO;
				DEBUG_INFORMATION_FORMAT = dwarf;
				ENABLE_STRICT_OBJC_MSGSEND = YES;
				ENABLE_TESTABILITY = YES;
				GCC_C_LANGUAGE_STANDARD = gnu99;
				GCC_DYNAMIC_NO_PIC = NO;
				GCC_NO_COMMON_BLOCKS = YES;
				GCC_OPTIMIZATION_LEVEL = 0;
				GCC_PREPROCESSOR_DEFINITIONS = (
					"DEBUG=1",
					"$(inherited)",
				);
				GCC_WARN_64_TO_32_BIT_CONVERSION = YES;
				GCC_WARN_ABOUT_RETURN_TYPE = YES_ERROR;
				GCC_WARN_UNDECLARED_SELECTOR = YES;
				GCC_WARN_UNINITIALIZED_AUTOS = YES_AGGRESSIVE;
				GCC_WARN_UNUSED_FUNCTION = YES;
				GCC_WARN_UNUSED_VARIABLE = YES;
				IPHONEOS_DEPLOYMENT_TARGET = 9.2;
				MTL_ENABLE_DEBUG_INFO = YES;
				ONLY_ACTIVE_ARCH = YES;
				SDKROOT = iphoneos;
				TARGETED_DEVICE_FAMILY = "1,2";
			};
			name = Debug;
		};
		B9C67BC31C84456700486374 /* Release */ = {
			isa = XCBuildConfiguration;
			buildSettings = {
				ALWAYS_SEARCH_USER_PATHS = NO;
				CLANG_CXX_LANGUAGE_STANDARD = "gnu++0x";
				CLANG_CXX_LIBRARY = "libc++";
				CLANG_ENABLE_MODULES = YES;
				CLANG_ENABLE_OBJC_ARC = YES;
				CLANG_WARN_BOOL_CONVERSION = YES;
				CLANG_WARN_CONSTANT_CONVERSION = YES;
				CLANG_WARN_DIRECT_OBJC_ISA_USAGE = YES_ERROR;
				CLANG_WARN_EMPTY_BODY = YES;
				CLANG_WARN_ENUM_CONVERSION = YES;
				CLANG_WARN_INT_CONVERSION = YES;
				CLANG_WARN_OBJC_ROOT_CLASS = YES_ERROR;
				CLANG_WARN_UNREACHABLE_CODE = YES;
				CLANG_WARN__DUPLICATE_METHOD_MATCH = YES;
				"CODE_SIGN_IDENTITY[sdk=iphoneos*]" = "iPhone Developer";
				COPY_PHASE_STRIP = NO;
				DEBUG_INFORMATION_FORMAT = "dwarf-with-dsym";
				ENABLE_NS_ASSERTIONS = NO;
				ENABLE_STRICT_OBJC_MSGSEND = YES;
				GCC_C_LANGUAGE_STANDARD = gnu99;
				GCC_NO_COMMON_BLOCKS = YES;
				GCC_WARN_64_TO_32_BIT_CONVERSION = YES;
				GCC_WARN_ABOUT_RETURN_TYPE = YES_ERROR;
				GCC_WARN_UNDECLARED_SELECTOR = YES;
				GCC_WARN_UNINITIALIZED_AUTOS = YES_AGGRESSIVE;
				GCC_WARN_UNUSED_FUNCTION = YES;
				GCC_WARN_UNUSED_VARIABLE = YES;
				IPHONEOS_DEPLOYMENT_TARGET = 9.2;
				MTL_ENABLE_DEBUG_INFO = NO;
				SDKROOT = iphoneos;
				TARGETED_DEVICE_FAMILY = "1,2";
				VALIDATE_PRODUCT = YES;
			};
			name = Release;
		};
		B9C67BC51C84456700486374 /* Debug */ = {
			isa = XCBuildConfiguration;
			buildSettings = {
				ASSETCATALOG_COMPILER_APPICON_NAME = AppIcon;
				INFOPLIST_FILE = LNWebViewControllerDemo/Info.plist;
				LD_RUNPATH_SEARCH_PATHS = "$(inherited) @executable_path/Frameworks";
				PRODUCT_BUNDLE_IDENTIFIER = MyCompany.LNWebViewControllerDemo;
				PRODUCT_NAME = "$(TARGET_NAME)";
			};
			name = Debug;
		};
		B9C67BC61C84456700486374 /* Release */ = {
			isa = XCBuildConfiguration;
			buildSettings = {
				ASSETCATALOG_COMPILER_APPICON_NAME = AppIcon;
				INFOPLIST_FILE = LNWebViewControllerDemo/Info.plist;
				LD_RUNPATH_SEARCH_PATHS = "$(inherited) @executable_path/Frameworks";
				PRODUCT_BUNDLE_IDENTIFIER = MyCompany.LNWebViewControllerDemo;
				PRODUCT_NAME = "$(TARGET_NAME)";
			};
			name = Release;
		};
/* End XCBuildConfiguration section */

/* Begin XCConfigurationList section */
		B9C67BA81C84456700486374 /* Build configuration list for PBXProject "LNWebViewControllerDemo" */ = {
			isa = XCConfigurationList;
			buildConfigurations = (
				B9C67BC21C84456700486374 /* Debug */,
				B9C67BC31C84456700486374 /* Release */,
			);
			defaultConfigurationIsVisible = 0;
			defaultConfigurationName = Release;
		};
		B9C67BC41C84456700486374 /* Build configuration list for PBXNativeTarget "LNWebViewControllerDemo" */ = {
			isa = XCConfigurationList;
			buildConfigurations = (
				B9C67BC51C84456700486374 /* Debug */,
				B9C67BC61C84456700486374 /* Release */,
			);
			defaultConfigurationIsVisible = 0;
		};
/* End XCConfigurationList section */
	};
	rootObject = B9C67BA51C84456700486374 /* Project object */;
}
